
Microsoft Visual Studio Solution File, Format Version 12.00
# Visual Studio Version 17
VisualStudioVersion = 17.5.33516.290
MinimumVisualStudioVersion = 10.0.40219.1
Project("{9A19103F-16F7-4668-BE54-9A1E7A4F7556}") = "PayrollEngine.SqlServer.DbQuery", "DbQuery\PayrollEngine.SqlServer.DbQuery.csproj", "{089BA35A-C500-49D3-B45B-5FB8E2B68319}"
EndProject
Project("{2150E333-8FDC-42A3-9474-1A3956D46DE8}") = "Solution Items", "Solution Items", "{8E50EA7E-60A4-45EF-8845-5C7E9AAC061D}"
	ProjectSection(SolutionItems) = preProject
		.gitignore = .gitignore
		Directory.Build.props = Directory.Build.props
		README.md = README.md
	EndProjectSection
EndProject
Global
	GlobalSection(SolutionConfigurationPlatforms) = preSolution
		Debug|Any CPU = Debug|Any CPU
		Release|Any CPU = Release|Any CPU
	EndGlobalSection
	GlobalSection(ProjectConfigurationPlatforms) = postSolution
		{089BA35A-C500-49D3-B45B-5FB8E2B68319}.Debug|Any CPU.ActiveCfg = Debug|Any CPU
		{089BA35A-C500-49D3-B45B-5FB8E2B68319}.Debug|Any CPU.Build.0 = Debug|Any CPU
		{089BA35A-C500-49D3-B45B-5FB8E2B68319}.Release|Any CPU.ActiveCfg = Release|Any CPU
		{089BA35A-C500-49D3-B45B-5FB8E2B68319}.Release|Any CPU.Build.0 = Release|Any CPU
	EndGlobalSection
	GlobalSection(SolutionProperties) = preSolution
		HideSolutionNode = FALSE
	EndGlobalSection
	GlobalSection(ExtensibilityGlobals) = postSolution
		SolutionGuid = {D2781E81-C422-4FE7-A950-8107FDA801F1}
	EndGlobalSection
	GlobalSection(NDepend) = preSolution
		Project = ".\PayrollEngine.SqlServer.DbQuery.ndproj"
	EndGlobalSection
EndGlobal
